
Microsoft Visual Studio Solution File, Format Version 12.00
# Visual Studio 2013
VisualStudioVersion = 12.0.40629.0
MinimumVisualStudioVersion = 10.0.40219.1
Project("{FAE04EC0-301F-11D3-BF4B-00C04F79EFBC}") = "BankMVC", "BankMVC\BankMVC.csproj", "{5ACD1023-563F-4AE2-A81F-3CD9DCA96C64}"
EndProject
Project("{FAE04EC0-301F-11D3-BF4B-00C04F79EFBC}") = "Pocos", "..\BankingAppProjectFix\Pocos\Pocos.csproj", "{4A481850-D37E-4A96-B79A-47629D973C74}"
EndProject
Global
	GlobalSection(SolutionConfigurationPlatforms) = preSolution
		Debug|Any CPU = Debug|Any CPU
		Release|Any CPU = Release|Any CPU
	EndGlobalSection
	GlobalSection(ProjectConfigurationPlatforms) = postSolution
		{5ACD1023-563F-4AE2-A81F-3CD9DCA96C64}.Debug|Any CPU.ActiveCfg = Debug|Any CPU
		{5ACD1023-563F-4AE2-A81F-3CD9DCA96C64}.Debug|Any CPU.Build.0 = Debug|Any CPU
		{5ACD1023-563F-4AE2-A81F-3CD9DCA96C64}.Release|Any CPU.ActiveCfg = Release|Any CPU
		{5ACD1023-563F-4AE2-A81F-3CD9DCA96C64}.Release|Any CPU.Build.0 = Release|Any CPU
		{4A481850-D37E-4A96-B79A-47629D973C74}.Debug|Any CPU.ActiveCfg = Debug|Any CPU
		{4A481850-D37E-4A96-B79A-47629D973C74}.Debug|Any CPU.Build.0 = Debug|Any CPU
		{4A481850-D37E-4A96-B79A-47629D973C74}.Release|Any CPU.ActiveCfg = Release|Any CPU
		{4A481850-D37E-4A96-B79A-47629D973C74}.Release|Any CPU.Build.0 = Release|Any CPU
	EndGlobalSection
	GlobalSection(SolutionProperties) = preSolution
		HideSolutionNode = FALSE
	EndGlobalSection
EndGlobal
